# This file is automatically @generated by Poetry 1.7.0 and should not be changed by hand.

[[package]]
name = "word2number"
version = "1.1"
description = "Convert number words eg. three hundred and forty two to numbers (342)."
optional = false
python-versions = "*"
files = [
    {file = "word2number-1.1.zip", hash = "sha256:70e27a5d387f67b04c71fbb7621c05930b19bfd26efd6851e6e0f9969dcde7d0"},
]

[metadata]
lock-version = "2.0"
python-versions = "3.12"
content-hash = "6e493a5a1ce2a4711885db8d8ec720827b112586db9b6098aead59148053beb9"
